
Microsoft Visual Studio Solution File, Format Version 12.00
# Visual Studio 14
VisualStudioVersion = 14.0.23107.0
MinimumVisualStudioVersion = 10.0.40219.1
Project("{FAE04EC0-301F-11D3-BF4B-00C04F79EFBC}") = "PeopleFinder", "PeopleFinder\PeopleFinder.csproj", "{49472392-816A-4193-97F3-6680B804B9F8}"
EndProject
Project("{FAE04EC0-301F-11D3-BF4B-00C04F79EFBC}") = "Utils", "Utils\Utils.csproj", "{15A69241-D611-4F2B-8140-06B634D3D7FC}"
EndProject
Project("{FAE04EC0-301F-11D3-BF4B-00C04F79EFBC}") = "Groupon", "Groupon\Groupon.csproj", "{5B76BA4E-B142-43A8-AD21-5EFC0199217C}"
EndProject
Project("{FAE04EC0-301F-11D3-BF4B-00C04F79EFBC}") = "UnitTestProject1", "UnitTestProject1\UnitTestProject1.csproj", "{812B0682-E82B-4A24-A982-785C61F162E6}"
EndProject
Project("{FAE04EC0-301F-11D3-BF4B-00C04F79EFBC}") = "PeopleDataLoader", "PeopleDataLoader\PeopleDataLoader.csproj", "{0823ED22-038A-44E5-8CEB-8506585EA9CB}"
EndProject
Project("{FAE04EC0-301F-11D3-BF4B-00C04F79EFBC}") = "PeopleDataLoaderAgent", "PeopleDataLoaderAgent\PeopleDataLoaderAgent.csproj", "{853CFF81-1431-467D-8023-19235FF739F5}"
EndProject
Project("{FAE04EC0-301F-11D3-BF4B-00C04F79EFBC}") = "PeopleFinderWebApi", "PeopleFinderWebApi\PeopleFinderWebApi.csproj", "{3C43F8DF-A5DC-459A-810D-FFCD15E62484}"
EndProject
Project("{FAE04EC0-301F-11D3-BF4B-00C04F79EFBC}") = "PeopleFinderLib", "PeopleFinderLib\PeopleFinderLib.csproj", "{DD65B767-61AE-4315-8B5A-157CF5345043}"
EndProject
Global
	GlobalSection(SolutionConfigurationPlatforms) = preSolution
		Debug|Any CPU = Debug|Any CPU
		Debug|ARM = Debug|ARM
		Debug|x64 = Debug|x64
		Debug|x86 = Debug|x86
		Release|Any CPU = Release|Any CPU
		Release|ARM = Release|ARM
		Release|x64 = Release|x64
		Release|x86 = Release|x86
	EndGlobalSection
	GlobalSection(ProjectConfigurationPlatforms) = postSolution
		{49472392-816A-4193-97F3-6680B804B9F8}.Debug|Any CPU.ActiveCfg = Debug|x86
		{49472392-816A-4193-97F3-6680B804B9F8}.Debug|ARM.ActiveCfg = Debug|ARM
		{49472392-816A-4193-97F3-6680B804B9F8}.Debug|ARM.Build.0 = Debug|ARM
		{49472392-816A-4193-97F3-6680B804B9F8}.Debug|ARM.Deploy.0 = Debug|ARM
		{49472392-816A-4193-97F3-6680B804B9F8}.Debug|x64.ActiveCfg = Debug|x64
		{49472392-816A-4193-97F3-6680B804B9F8}.Debug|x64.Build.0 = Debug|x64
		{49472392-816A-4193-97F3-6680B804B9F8}.Debug|x64.Deploy.0 = Debug|x64
		{49472392-816A-4193-97F3-6680B804B9F8}.Debug|x86.ActiveCfg = Debug|x86
		{49472392-816A-4193-97F3-6680B804B9F8}.Debug|x86.Build.0 = Debug|x86
		{49472392-816A-4193-97F3-6680B804B9F8}.Debug|x86.Deploy.0 = Debug|x86
		{49472392-816A-4193-97F3-6680B804B9F8}.Release|Any CPU.ActiveCfg = Release|x86
		{49472392-816A-4193-97F3-6680B804B9F8}.Release|ARM.ActiveCfg = Release|ARM
		{49472392-816A-4193-97F3-6680B804B9F8}.Release|ARM.Build.0 = Release|ARM
		{49472392-816A-4193-97F3-6680B804B9F8}.Release|ARM.Deploy.0 = Release|ARM
		{49472392-816A-4193-97F3-6680B804B9F8}.Release|x64.ActiveCfg = Release|x64
		{49472392-816A-4193-97F3-6680B804B9F8}.Release|x64.Build.0 = Release|x64
		{49472392-816A-4193-97F3-6680B804B9F8}.Release|x64.Deploy.0 = Release|x64
		{49472392-816A-4193-97F3-6680B804B9F8}.Release|x86.ActiveCfg = Release|x86
		{49472392-816A-4193-97F3-6680B804B9F8}.Release|x86.Build.0 = Release|x86
		{49472392-816A-4193-97F3-6680B804B9F8}.Release|x86.Deploy.0 = Release|x86
		{15A69241-D611-4F2B-8140-06B634D3D7FC}.Debug|Any CPU.ActiveCfg = Debug|Any CPU
		{15A69241-D611-4F2B-8140-06B634D3D7FC}.Debug|Any CPU.Build.0 = Debug|Any CPU
		{15A69241-D611-4F2B-8140-06B634D3D7FC}.Debug|ARM.ActiveCfg = Debug|ARM
		{15A69241-D611-4F2B-8140-06B634D3D7FC}.Debug|ARM.Build.0 = Debug|ARM
		{15A69241-D611-4F2B-8140-06B634D3D7FC}.Debug|x64.ActiveCfg = Debug|x64
		{15A69241-D611-4F2B-8140-06B634D3D7FC}.Debug|x64.Build.0 = Debug|x64
		{15A69241-D611-4F2B-8140-06B634D3D7FC}.Debug|x86.ActiveCfg = Debug|x86
		{15A69241-D611-4F2B-8140-06B634D3D7FC}.Debug|x86.Build.0 = Debug|x86
		{15A69241-D611-4F2B-8140-06B634D3D7FC}.Release|Any CPU.ActiveCfg = Release|Any CPU
		{15A69241-D611-4F2B-8140-06B634D3D7FC}.Release|Any CPU.Build.0 = Release|Any CPU
		{15A69241-D611-4F2B-8140-06B634D3D7FC}.Release|ARM.ActiveCfg = Release|ARM
		{15A69241-D611-4F2B-8140-06B634D3D7FC}.Release|ARM.Build.0 = Release|ARM
		{15A69241-D611-4F2B-8140-06B634D3D7FC}.Release|x64.ActiveCfg = Release|x64
		{15A69241-D611-4F2B-8140-06B634D3D7FC}.Release|x64.Build.0 = Release|x64
		{15A69241-D611-4F2B-8140-06B634D3D7FC}.Release|x86.ActiveCfg = Release|x86
		{15A69241-D611-4F2B-8140-06B634D3D7FC}.Release|x86.Build.0 = Release|x86
		{5B76BA4E-B142-43A8-AD21-5EFC0199217C}.Debug|Any CPU.ActiveCfg = Debug|x86
		{5B76BA4E-B142-43A8-AD21-5EFC0199217C}.Debug|ARM.ActiveCfg = Debug|ARM
		{5B76BA4E-B142-43A8-AD21-5EFC0199217C}.Debug|ARM.Build.0 = Debug|ARM
		{5B76BA4E-B142-43A8-AD21-5EFC0199217C}.Debug|ARM.Deploy.0 = Debug|ARM
		{5B76BA4E-B142-43A8-AD21-5EFC0199217C}.Debug|x64.ActiveCfg = Debug|x64
		{5B76BA4E-B142-43A8-AD21-5EFC0199217C}.Debug|x64.Build.0 = Debug|x64
		{5B76BA4E-B142-43A8-AD21-5EFC0199217C}.Debug|x64.Deploy.0 = Debug|x64
		{5B76BA4E-B142-43A8-AD21-5EFC0199217C}.Debug|x86.ActiveCfg = Debug|x86
		{5B76BA4E-B142-43A8-AD21-5EFC0199217C}.Debug|x86.Build.0 = Debug|x86
		{5B76BA4E-B142-43A8-AD21-5EFC0199217C}.Debug|x86.Deploy.0 = Debug|x86
		{5B76BA4E-B142-43A8-AD21-5EFC0199217C}.Release|Any CPU.ActiveCfg = Release|x86
		{5B76BA4E-B142-43A8-AD21-5EFC0199217C}.Release|ARM.ActiveCfg = Release|ARM
		{5B76BA4E-B142-43A8-AD21-5EFC0199217C}.Release|ARM.Build.0 = Release|ARM
		{5B76BA4E-B142-43A8-AD21-5EFC0199217C}.Release|ARM.Deploy.0 = Release|ARM
		{5B76BA4E-B142-43A8-AD21-5EFC0199217C}.Release|x64.ActiveCfg = Release|x64
		{5B76BA4E-B142-43A8-AD21-5EFC0199217C}.Release|x64.Build.0 = Release|x64
		{5B76BA4E-B142-43A8-AD21-5EFC0199217C}.Release|x64.Deploy.0 = Release|x64
		{5B76BA4E-B142-43A8-AD21-5EFC0199217C}.Release|x86.ActiveCfg = Release|x86
		{5B76BA4E-B142-43A8-AD21-5EFC0199217C}.Release|x86.Build.0 = Release|x86
		{5B76BA4E-B142-43A8-AD21-5EFC0199217C}.Release|x86.Deploy.0 = Release|x86
		{812B0682-E82B-4A24-A982-785C61F162E6}.Debug|Any CPU.ActiveCfg = Debug|x86
		{812B0682-E82B-4A24-A982-785C61F162E6}.Debug|ARM.ActiveCfg = Debug|ARM
		{812B0682-E82B-4A24-A982-785C61F162E6}.Debug|ARM.Build.0 = Debug|ARM
		{812B0682-E82B-4A24-A982-785C61F162E6}.Debug|ARM.Deploy.0 = Debug|ARM
		{812B0682-E82B-4A24-A982-785C61F162E6}.Debug|x64.ActiveCfg = Debug|x64
		{812B0682-E82B-4A24-A982-785C61F162E6}.Debug|x64.Build.0 = Debug|x64
		{812B0682-E82B-4A24-A982-785C61F162E6}.Debug|x64.Deploy.0 = Debug|x64
		{812B0682-E82B-4A24-A982-785C61F162E6}.Debug|x86.ActiveCfg = Debug|x86
		{812B0682-E82B-4A24-A982-785C61F162E6}.Debug|x86.Build.0 = Debug|x86
		{812B0682-E82B-4A24-A982-785C61F162E6}.Debug|x86.Deploy.0 = Debug|x86
		{812B0682-E82B-4A24-A982-785C61F162E6}.Release|Any CPU.ActiveCfg = Release|x86
		{812B0682-E82B-4A24-A982-785C61F162E6}.Release|ARM.ActiveCfg = Release|ARM
		{812B0682-E82B-4A24-A982-785C61F162E6}.Release|ARM.Build.0 = Release|ARM
		{812B0682-E82B-4A24-A982-785C61F162E6}.Release|ARM.Deploy.0 = Release|ARM
		{812B0682-E82B-4A24-A982-785C61F162E6}.Release|x64.ActiveCfg = Release|x64
		{812B0682-E82B-4A24-A982-785C61F162E6}.Release|x64.Build.0 = Release|x64
		{812B0682-E82B-4A24-A982-785C61F162E6}.Release|x64.Deploy.0 = Release|x64
		{812B0682-E82B-4A24-A982-785C61F162E6}.Release|x86.ActiveCfg = Release|x86
		{812B0682-E82B-4A24-A982-785C61F162E6}.Release|x86.Build.0 = Release|x86
		{812B0682-E82B-4A24-A982-785C61F162E6}.Release|x86.Deploy.0 = Release|x86
		{0823ED22-038A-44E5-8CEB-8506585EA9CB}.Debug|Any CPU.ActiveCfg = Debug|Any CPU
		{0823ED22-038A-44E5-8CEB-8506585EA9CB}.Debug|Any CPU.Build.0 = Debug|Any CPU
		{0823ED22-038A-44E5-8CEB-8506585EA9CB}.Debug|ARM.ActiveCfg = Debug|Any CPU
		{0823ED22-038A-44E5-8CEB-8506585EA9CB}.Debug|ARM.Build.0 = Debug|Any CPU
		{0823ED22-038A-44E5-8CEB-8506585EA9CB}.Debug|x64.ActiveCfg = Debug|Any CPU
		{0823ED22-038A-44E5-8CEB-8506585EA9CB}.Debug|x64.Build.0 = Debug|Any CPU
		{0823ED22-038A-44E5-8CEB-8506585EA9CB}.Debug|x86.ActiveCfg = Debug|Any CPU
		{0823ED22-038A-44E5-8CEB-8506585EA9CB}.Debug|x86.Build.0 = Debug|Any CPU
		{0823ED22-038A-44E5-8CEB-8506585EA9CB}.Release|Any CPU.ActiveCfg = Release|Any CPU
		{0823ED22-038A-44E5-8CEB-8506585EA9CB}.Release|Any CPU.Build.0 = Release|Any CPU
		{0823ED22-038A-44E5-8CEB-8506585EA9CB}.Release|ARM.ActiveCfg = Release|Any CPU
		{0823ED22-038A-44E5-8CEB-8506585EA9CB}.Release|ARM.Build.0 = Release|Any CPU
		{0823ED22-038A-44E5-8CEB-8506585EA9CB}.Release|x64.ActiveCfg = Release|Any CPU
		{0823ED22-038A-44E5-8CEB-8506585EA9CB}.Release|x64.Build.0 = Release|Any CPU
		{0823ED22-038A-44E5-8CEB-8506585EA9CB}.Release|x86.ActiveCfg = Release|Any CPU
		{0823ED22-038A-44E5-8CEB-8506585EA9CB}.Release|x86.Build.0 = Release|Any CPU
		{853CFF81-1431-467D-8023-19235FF739F5}.Debug|Any CPU.ActiveCfg = Debug|Any CPU
		{853CFF81-1431-467D-8023-19235FF739F5}.Debug|Any CPU.Build.0 = Debug|Any CPU
		{853CFF81-1431-467D-8023-19235FF739F5}.Debug|ARM.ActiveCfg = Debug|Any CPU
		{853CFF81-1431-467D-8023-19235FF739F5}.Debug|ARM.Build.0 = Debug|Any CPU
		{853CFF81-1431-467D-8023-19235FF739F5}.Debug|x64.ActiveCfg = Debug|Any CPU
		{853CFF81-1431-467D-8023-19235FF739F5}.Debug|x64.Build.0 = Debug|Any CPU
		{853CFF81-1431-467D-8023-19235FF739F5}.Debug|x86.ActiveCfg = Debug|Any CPU
		{853CFF81-1431-467D-8023-19235FF739F5}.Debug|x86.Build.0 = Debug|Any CPU
		{853CFF81-1431-467D-8023-19235FF739F5}.Release|Any CPU.ActiveCfg = Release|Any CPU
		{853CFF81-1431-467D-8023-19235FF739F5}.Release|Any CPU.Build.0 = Release|Any CPU
		{853CFF81-1431-467D-8023-19235FF739F5}.Release|ARM.ActiveCfg = Release|Any CPU
		{853CFF81-1431-467D-8023-19235FF739F5}.Release|ARM.Build.0 = Release|Any CPU
		{853CFF81-1431-467D-8023-19235FF739F5}.Release|x64.ActiveCfg = Release|Any CPU
		{853CFF81-1431-467D-8023-19235FF739F5}.Release|x64.Build.0 = Release|Any CPU
		{853CFF81-1431-467D-8023-19235FF739F5}.Release|x86.ActiveCfg = Release|Any CPU
		{853CFF81-1431-467D-8023-19235FF739F5}.Release|x86.Build.0 = Release|Any CPU
		{3C43F8DF-A5DC-459A-810D-FFCD15E62484}.Debug|Any CPU.ActiveCfg = Debug|Any CPU
		{3C43F8DF-A5DC-459A-810D-FFCD15E62484}.Debug|Any CPU.Build.0 = Debug|Any CPU
		{3C43F8DF-A5DC-459A-810D-FFCD15E62484}.Debug|ARM.ActiveCfg = Debug|Any CPU
		{3C43F8DF-A5DC-459A-810D-FFCD15E62484}.Debug|ARM.Build.0 = Debug|Any CPU
		{3C43F8DF-A5DC-459A-810D-FFCD15E62484}.Debug|x64.ActiveCfg = Debug|Any CPU
		{3C43F8DF-A5DC-459A-810D-FFCD15E62484}.Debug|x64.Build.0 = Debug|Any CPU
		{3C43F8DF-A5DC-459A-810D-FFCD15E62484}.Debug|x86.ActiveCfg = Debug|Any CPU
		{3C43F8DF-A5DC-459A-810D-FFCD15E62484}.Debug|x86.Build.0 = Debug|Any CPU
		{3C43F8DF-A5DC-459A-810D-FFCD15E62484}.Release|Any CPU.ActiveCfg = Release|Any CPU
		{3C43F8DF-A5DC-459A-810D-FFCD15E62484}.Release|Any CPU.Build.0 = Release|Any CPU
		{3C43F8DF-A5DC-459A-810D-FFCD15E62484}.Release|ARM.ActiveCfg = Release|Any CPU
		{3C43F8DF-A5DC-459A-810D-FFCD15E62484}.Release|ARM.Build.0 = Release|Any CPU
		{3C43F8DF-A5DC-459A-810D-FFCD15E62484}.Release|x64.ActiveCfg = Release|Any CPU
		{3C43F8DF-A5DC-459A-810D-FFCD15E62484}.Release|x64.Build.0 = Release|Any CPU
		{3C43F8DF-A5DC-459A-810D-FFCD15E62484}.Release|x86.ActiveCfg = Release|Any CPU
		{3C43F8DF-A5DC-459A-810D-FFCD15E62484}.Release|x86.Build.0 = Release|Any CPU
		{DD65B767-61AE-4315-8B5A-157CF5345043}.Debug|Any CPU.ActiveCfg = Debug|Any CPU
		{DD65B767-61AE-4315-8B5A-157CF5345043}.Debug|Any CPU.Build.0 = Debug|Any CPU
		{DD65B767-61AE-4315-8B5A-157CF5345043}.Debug|ARM.ActiveCfg = Debug|Any CPU
		{DD65B767-61AE-4315-8B5A-157CF5345043}.Debug|ARM.Build.0 = Debug|Any CPU
		{DD65B767-61AE-4315-8B5A-157CF5345043}.Debug|x64.ActiveCfg = Debug|Any CPU
		{DD65B767-61AE-4315-8B5A-157CF5345043}.Debug|x64.Build.0 = Debug|Any CPU
		{DD65B767-61AE-4315-8B5A-157CF5345043}.Debug|x86.ActiveCfg = Debug|Any CPU
		{DD65B767-61AE-4315-8B5A-157CF5345043}.Debug|x86.Build.0 = Debug|Any CPU
		{DD65B767-61AE-4315-8B5A-157CF5345043}.Release|Any CPU.ActiveCfg = Release|Any CPU
		{DD65B767-61AE-4315-8B5A-157CF5345043}.Release|Any CPU.Build.0 = Release|Any CPU
		{DD65B767-61AE-4315-8B5A-157CF5345043}.Release|ARM.ActiveCfg = Release|Any CPU
		{DD65B767-61AE-4315-8B5A-157CF5345043}.Release|ARM.Build.0 = Release|Any CPU
		{DD65B767-61AE-4315-8B5A-157CF5345043}.Release|x64.ActiveCfg = Release|Any CPU
		{DD65B767-61AE-4315-8B5A-157CF5345043}.Release|x64.Build.0 = Release|Any CPU
		{DD65B767-61AE-4315-8B5A-157CF5345043}.Release|x86.ActiveCfg = Release|Any CPU
		{DD65B767-61AE-4315-8B5A-157CF5345043}.Release|x86.Build.0 = Release|Any CPU
	EndGlobalSection
	GlobalSection(SolutionProperties) = preSolution
		HideSolutionNode = FALSE
	EndGlobalSection
EndGlobal
